// !$*UTF8*$!
{
	archiveVersion = 1;
	classes = {
	};
	objectVersion = 56;
	objects = {

/* Begin PBXBuildFile section */
		8B0AA6612CF8E8E500742571 /* Assets.xcassets in Resources */ = {isa = PBXBuildFile; fileRef = 8B0AA6582CF8E8E500742571 /* Assets.xcassets */; };
		8B0AA6632CF8E8E500742571 /* LaunchScreen.storyboard in Resources */ = {isa = PBXBuildFile; fileRef = 8B0AA65B2CF8E8E500742571 /* LaunchScreen.storyboard */; };
		8B0AA6642CF8E8E500742571 /* Main.storyboard in Resources */ = {isa = PBXBuildFile; fileRef = 8B0AA65D2CF8E8E500742571 /* Main.storyboard */; };
		8B0AA6652CF8E8E500742571 /* AppDelegate.swift in Sources */ = {isa = PBXBuildFile; fileRef = 8B0AA6572CF8E8E500742571 /* AppDelegate.swift */; };
		8B0AA6662CF8E8E500742571 /* SceneDelegate.swift in Sources */ = {isa = PBXBuildFile; fileRef = 8B0AA65E2CF8E8E500742571 /* SceneDelegate.swift */; };
		8B0AA6672CF8E8E500742571 /* ViewController.swift in Sources */ = {isa = PBXBuildFile; fileRef = 8B0AA65F2CF8E8E500742571 /* ViewController.swift */; };
		8B0AA6852CF8E9D400742571 /* Pretendard-Black.otf in Resources */ = {isa = PBXBuildFile; fileRef = 8B0AA67B2CF8E9D400742571 /* Pretendard-Black.otf */; };
		8B0AA6862CF8E9D400742571 /* Pretendard-Bold.otf in Resources */ = {isa = PBXBuildFile; fileRef = 8B0AA67C2CF8E9D400742571 /* Pretendard-Bold.otf */; };
		8B0AA6872CF8E9D400742571 /* Pretendard-ExtraBold.otf in Resources */ = {isa = PBXBuildFile; fileRef = 8B0AA67D2CF8E9D400742571 /* Pretendard-ExtraBold.otf */; };
		8B0AA6882CF8E9D400742571 /* Pretendard-ExtraLight.otf in Resources */ = {isa = PBXBuildFile; fileRef = 8B0AA67E2CF8E9D400742571 /* Pretendard-ExtraLight.otf */; };
		8B0AA6892CF8E9D400742571 /* Pretendard-Light.otf in Resources */ = {isa = PBXBuildFile; fileRef = 8B0AA67F2CF8E9D400742571 /* Pretendard-Light.otf */; };
		8B0AA68A2CF8E9D400742571 /* Pretendard-Medium.otf in Resources */ = {isa = PBXBuildFile; fileRef = 8B0AA6802CF8E9D400742571 /* Pretendard-Medium.otf */; };
		8B0AA68B2CF8E9D400742571 /* Pretendard-Regular.otf in Resources */ = {isa = PBXBuildFile; fileRef = 8B0AA6812CF8E9D400742571 /* Pretendard-Regular.otf */; };
		8B0AA68C2CF8E9D400742571 /* Pretendard-SemiBold.otf in Resources */ = {isa = PBXBuildFile; fileRef = 8B0AA6822CF8E9D400742571 /* Pretendard-SemiBold.otf */; };
		8B0AA68D2CF8E9D400742571 /* Pretendard-Thin.otf in Resources */ = {isa = PBXBuildFile; fileRef = 8B0AA6832CF8E9D400742571 /* Pretendard-Thin.otf */; };
/* End PBXBuildFile section */

/* Begin PBXFileReference section */
		8B0AA61B2CF8E58E00742571 /* Pawsitive.app */ = {isa = PBXFileReference; explicitFileType = wrapper.application; includeInIndex = 0; path = Pawsitive.app; sourceTree = BUILT_PRODUCTS_DIR; };
		8B0AA6572CF8E8E500742571 /* AppDelegate.swift */ = {isa = PBXFileReference; lastKnownFileType = sourcecode.swift; path = AppDelegate.swift; sourceTree = "<group>"; };
		8B0AA6582CF8E8E500742571 /* Assets.xcassets */ = {isa = PBXFileReference; lastKnownFileType = folder.assetcatalog; path = Assets.xcassets; sourceTree = "<group>"; };
		8B0AA6592CF8E8E500742571 /* Info.plist */ = {isa = PBXFileReference; lastKnownFileType = text.plist.xml; path = Info.plist; sourceTree = "<group>"; };
		8B0AA65A2CF8E8E500742571 /* Base */ = {isa = PBXFileReference; lastKnownFileType = file.storyboard; name = Base; path = Base.lproj/LaunchScreen.storyboard; sourceTree = "<group>"; };
		8B0AA65C2CF8E8E500742571 /* Base */ = {isa = PBXFileReference; lastKnownFileType = file.storyboard; name = Base; path = Base.lproj/Main.storyboard; sourceTree = "<group>"; };
		8B0AA65E2CF8E8E500742571 /* SceneDelegate.swift */ = {isa = PBXFileReference; lastKnownFileType = sourcecode.swift; path = SceneDelegate.swift; sourceTree = "<group>"; };
		8B0AA65F2CF8E8E500742571 /* ViewController.swift */ = {isa = PBXFileReference; lastKnownFileType = sourcecode.swift; path = ViewController.swift; sourceTree = "<group>"; };
		8B0AA67B2CF8E9D400742571 /* Pretendard-Black.otf */ = {isa = PBXFileReference; lastKnownFileType = file; path = "Pretendard-Black.otf"; sourceTree = "<group>"; };
		8B0AA67C2CF8E9D400742571 /* Pretendard-Bold.otf */ = {isa = PBXFileReference; lastKnownFileType = file; path = "Pretendard-Bold.otf"; sourceTree = "<group>"; };
		8B0AA67D2CF8E9D400742571 /* Pretendard-ExtraBold.otf */ = {isa = PBXFileReference; lastKnownFileType = file; path = "Pretendard-ExtraBold.otf"; sourceTree = "<group>"; };
		8B0AA67E2CF8E9D400742571 /* Pretendard-ExtraLight.otf */ = {isa = PBXFileReference; lastKnownFileType = file; path = "Pretendard-ExtraLight.otf"; sourceTree = "<group>"; };
		8B0AA67F2CF8E9D400742571 /* Pretendard-Light.otf */ = {isa = PBXFileReference; lastKnownFileType = file; path = "Pretendard-Light.otf"; sourceTree = "<group>"; };
		8B0AA6802CF8E9D400742571 /* Pretendard-Medium.otf */ = {isa = PBXFileReference; lastKnownFileType = file; path = "Pretendard-Medium.otf"; sourceTree = "<group>"; };
		8B0AA6812CF8E9D400742571 /* Pretendard-Regular.otf */ = {isa = PBXFileReference; lastKnownFileType = file; path = "Pretendard-Regular.otf"; sourceTree = "<group>"; };
		8B0AA6822CF8E9D400742571 /* Pretendard-SemiBold.otf */ = {isa = PBXFileReference; lastKnownFileType = file; path = "Pretendard-SemiBold.otf"; sourceTree = "<group>"; };
		8B0AA6832CF8E9D400742571 /* Pretendard-Thin.otf */ = {isa = PBXFileReference; lastKnownFileType = file; path = "Pretendard-Thin.otf"; sourceTree = "<group>"; };
/* End PBXFileReference section */

/* Begin PBXFrameworksBuildPhase section */
		8B0AA6182CF8E58E00742571 /* Frameworks */ = {
			isa = PBXFrameworksBuildPhase;
			buildActionMask = 2147483647;
			files = (
			);
			runOnlyForDeploymentPostprocessing = 0;
		};
/* End PBXFrameworksBuildPhase section */

/* Begin PBXGroup section */
		8B0AA6122CF8E58E00742571 = {
			isa = PBXGroup;
			children = (
				8B0AA6602CF8E8E500742571 /* Pawsitive */,
				8B0AA61C2CF8E58E00742571 /* Products */,
			);
			sourceTree = "<group>";
		};
		8B0AA61C2CF8E58E00742571 /* Products */ = {
			isa = PBXGroup;
			children = (
				8B0AA61B2CF8E58E00742571 /* Pawsitive.app */,
			);
			name = Products;
			sourceTree = "<group>";
		};
		8B0AA6602CF8E8E500742571 /* Pawsitive */ = {
			isa = PBXGroup;
			children = (
				8B0AA6842CF8E9D400742571 /* Font */,
				8B0AA6572CF8E8E500742571 /* AppDelegate.swift */,
				8B0AA6582CF8E8E500742571 /* Assets.xcassets */,
				8B0AA6592CF8E8E500742571 /* Info.plist */,
				8B0AA65B2CF8E8E500742571 /* LaunchScreen.storyboard */,
				8B0AA65D2CF8E8E500742571 /* Main.storyboard */,
				8B0AA65E2CF8E8E500742571 /* SceneDelegate.swift */,
				8B0AA65F2CF8E8E500742571 /* ViewController.swift */,
			);
			path = Pawsitive;
			sourceTree = "<group>";
		};
		8B0AA6842CF8E9D400742571 /* Font */ = {
			isa = PBXGroup;
			children = (
				8B0AA67B2CF8E9D400742571 /* Pretendard-Black.otf */,
				8B0AA67C2CF8E9D400742571 /* Pretendard-Bold.otf */,
				8B0AA67D2CF8E9D400742571 /* Pretendard-ExtraBold.otf */,
				8B0AA67E2CF8E9D400742571 /* Pretendard-ExtraLight.otf */,
				8B0AA67F2CF8E9D400742571 /* Pretendard-Light.otf */,
				8B0AA6802CF8E9D400742571 /* Pretendard-Medium.otf */,
				8B0AA6812CF8E9D400742571 /* Pretendard-Regular.otf */,
				8B0AA6822CF8E9D400742571 /* Pretendard-SemiBold.otf */,
				8B0AA6832CF8E9D400742571 /* Pretendard-Thin.otf */,
			);
			path = Font;
			sourceTree = "<group>";
		};
/* End PBXGroup section */

/* Begin PBXNativeTarget section */
		8B0AA61A2CF8E58E00742571 /* Pawsitive */ = {
			isa = PBXNativeTarget;
			buildConfigurationList = 8B0AA62E2CF8E59000742571 /* Build configuration list for PBXNativeTarget "Pawsitive" */;
			buildPhases = (
				8B0AA6172CF8E58E00742571 /* Sources */,
				8B0AA6182CF8E58E00742571 /* Frameworks */,
				8B0AA6192CF8E58E00742571 /* Resources */,
			);
			buildRules = (
			);
			dependencies = (
			);
			name = Pawsitive;
			packageProductDependencies = (
			);
			productName = Pawsitive;
			productReference = 8B0AA61B2CF8E58E00742571 /* Pawsitive.app */;
			productType = "com.apple.product-type.application";
		};
/* End PBXNativeTarget section */

/* Begin PBXProject section */
		8B0AA6132CF8E58E00742571 /* Project object */ = {
			isa = PBXProject;
			attributes = {
				BuildIndependentTargetsInParallel = 1;
				LastSwiftUpdateCheck = 1600;
				LastUpgradeCheck = 1600;
				TargetAttributes = {
					8B0AA61A2CF8E58E00742571 = {
						CreatedOnToolsVersion = 16.0;
					};
				};
			};
			buildConfigurationList = 8B0AA6162CF8E58E00742571 /* Build configuration list for PBXProject "Pawsitive" */;
			developmentRegion = en;
			hasScannedForEncodings = 0;
			knownRegions = (
				en,
				Base,
			);
			mainGroup = 8B0AA6122CF8E58E00742571;
			productRefGroup = 8B0AA61C2CF8E58E00742571 /* Products */;
			projectDirPath = "";
			projectRoot = "";
			targets = (
				8B0AA61A2CF8E58E00742571 /* Pawsitive */,
			);
		};
/* End PBXProject section */

/* Begin PBXResourcesBuildPhase section */
		8B0AA6192CF8E58E00742571 /* Resources */ = {
			isa = PBXResourcesBuildPhase;
			buildActionMask = 2147483647;
			files = (
				8B0AA6612CF8E8E500742571 /* Assets.xcassets in Resources */,
				8B0AA6632CF8E8E500742571 /* LaunchScreen.storyboard in Resources */,
				8B0AA6852CF8E9D400742571 /* Pretendard-Black.otf in Resources */,
				8B0AA6862CF8E9D400742571 /* Pretendard-Bold.otf in Resources */,
				8B0AA6872CF8E9D400742571 /* Pretendard-ExtraBold.otf in Resources */,
				8B0AA6882CF8E9D400742571 /* Pretendard-ExtraLight.otf in Resources */,
				8B0AA6892CF8E9D400742571 /* Pretendard-Light.otf in Resources */,
				8B0AA68A2CF8E9D400742571 /* Pretendard-Medium.otf in Resources */,
				8B0AA68B2CF8E9D400742571 /* Pretendard-Regular.otf in Resources */,
				8B0AA68C2CF8E9D400742571 /* Pretendard-SemiBold.otf in Resources */,
				8B0AA68D2CF8E9D400742571 /* Pretendard-Thin.otf in Resources */,
				8B0AA6642CF8E8E500742571 /* Main.storyboard in Resources */,
			);
			runOnlyForDeploymentPostprocessing = 0;
		};
/* End PBXResourcesBuildPhase section */

/* Begin PBXSourcesBuildPhase section */
		8B0AA6172CF8E58E00742571 /* Sources */ = {
			isa = PBXSourcesBuildPhase;
			buildActionMask = 2147483647;
			files = (
				8B0AA6652CF8E8E500742571 /* AppDelegate.swift in Sources */,
				8B0AA6662CF8E8E500742571 /* SceneDelegate.swift in Sources */,
				8B0AA6672CF8E8E500742571 /* ViewController.swift in Sources */,
			);
			runOnlyForDeploymentPostprocessing = 0;
		};
/* End PBXSourcesBuildPhase section */

/* Begin PBXVariantGroup section */
		8B0AA65B2CF8E8E500742571 /* LaunchScreen.storyboard */ = {
			isa = PBXVariantGroup;
			children = (
				8B0AA65A2CF8E8E500742571 /* Base */,
			);
			name = LaunchScreen.storyboard;
			sourceTree = "<group>";
		};
		8B0AA65D2CF8E8E500742571 /* Main.storyboard */ = {
			isa = PBXVariantGroup;
			children = (
				8B0AA65C2CF8E8E500742571 /* Base */,
			);
			name = Main.storyboard;
			sourceTree = "<group>";
		};
/* End PBXVariantGroup section */

/* Begin XCBuildConfiguration section */
		8B0AA62F2CF8E59000742571 /* Debug */ = {
			isa = XCBuildConfiguration;
			buildSettings = {
				ASSETCATALOG_COMPILER_APPICON_NAME = AppIcon;
				ASSETCATALOG_COMPILER_GLOBAL_ACCENT_COLOR_NAME = AccentColor;
				CODE_SIGN_STYLE = Automatic;
				CURRENT_PROJECT_VERSION = 1;
				DEVELOPMENT_TEAM = B7X35RUY6S;
				GENERATE_INFOPLIST_FILE = YES;
				INFOPLIST_FILE = Pawsitive/Info.plist;
				INFOPLIST_KEY_UIApplicationSupportsIndirectInputEvents = YES;
				INFOPLIST_KEY_UILaunchStoryboardName = LaunchScreen;
				INFOPLIST_KEY_UIMainStoryboardFile = Main;
				INFOPLIST_KEY_UISupportedInterfaceOrientations_iPad = "UIInterfaceOrientationPortrait UIInterfaceOrientationPortraitUpsideDown UIInterfaceOrientationLandscapeLeft UIInterfaceOrientationLandscapeRight";
				INFOPLIST_KEY_UISupportedInterfaceOrientations_iPhone = "UIInterfaceOrientationPortrait UIInterfaceOrientationLandscapeLeft UIInterfaceOrientationLandscapeRight";
				LD_RUNPATH_SEARCH_PATHS = (
					"$(inherited)",
					"@executable_path/Frameworks",
				);
				MARKETING_VERSION = 1.0;
				PRODUCT_BUNDLE_IDENTIFIER = kr.xoul.Pawsitive;
				PRODUCT_NAME = "$(TARGET_NAME)";
				SWIFT_EMIT_LOC_STRINGS = YES;
				SWIFT_VERSION = 5.0;
				TARGETED_DEVICE_FAMILY = "1,2";
			};
			name = Debug;
		};
		8B0AA6302CF8E59000742571 /* Release */ = {
			isa = XCBuildConfiguration;
			buildSettings = {
				ASSETCATALOG_COMPILER_APPICON_NAME = AppIcon;
				ASSETCATALOG_COMPILER_GLOBAL_ACCENT_COLOR_NAME = AccentColor;
				CODE_SIGN_STYLE = Automatic;
				CURRENT_PROJECT_VERSION = 1;
				DEVELOPMENT_TEAM = B7X35RUY6S;
				GENERATE_INFOPLIST_FILE = YES;
				INFOPLIST_FILE = Pawsitive/Info.plist;
				INFOPLIST_KEY_UIApplicationSupportsIndirectInputEvents = YES;
				INFOPLIST_KEY_UILaunchStoryboardName = LaunchScreen;
				INFOPLIST_KEY_UIMainStoryboardFile = Main;
				INFOPLIST_KEY_UISupportedInterfaceOrientations_iPad = "UIInterfaceOrientationPortrait UIInterfaceOrientationPortraitUpsideDown UIInterfaceOrientationLandscapeLeft UIInterfaceOrientationLandscapeRight";
				INFOPLIST_KEY_UISupportedInterfaceOrientations_iPhone = "UIInterfaceOrientationPortrait UIInterfaceOrientationLandscapeLeft UIInterfaceOrientationLandscapeRight";
				LD_RUNPATH_SEARCH_PATHS = (
					"$(inherited)",
					"@executable_path/Frameworks",
				);
				MARKETING_VERSION = 1.0;
				PRODUCT_BUNDLE_IDENTIFIER = kr.xoul.Pawsitive;
				PRODUCT_NAME = "$(TARGET_NAME)";
				SWIFT_EMIT_LOC_STRINGS = YES;
				SWIFT_VERSION = 5.0;
				TARGETED_DEVICE_FAMILY = "1,2";
			};
			name = Release;
		};
		8B0AA6312CF8E59000742571 /* Debug */ = {
			isa = XCBuildConfiguration;
			buildSettings = {
				ALWAYS_SEARCH_USER_PATHS = NO;
				ASSETCATALOG_COMPILER_GENERATE_SWIFT_ASSET_SYMBOL_EXTENSIONS = YES;
				CLANG_ANALYZER_NONNULL = YES;
				CLANG_ANALYZER_NUMBER_OBJECT_CONVERSION = YES_AGGRESSIVE;
				CLANG_CXX_LANGUAGE_STANDARD = "gnu++20";
				CLANG_ENABLE_MODULES = YES;
				CLANG_ENABLE_OBJC_ARC = YES;
				CLANG_ENABLE_OBJC_WEAK = YES;
				CLANG_WARN_BLOCK_CAPTURE_AUTORELEASING = YES;
				CLANG_WARN_BOOL_CONVERSION = YES;
				CLANG_WARN_COMMA = YES;
				CLANG_WARN_CONSTANT_CONVERSION = YES;
				CLANG_WARN_DEPRECATED_OBJC_IMPLEMENTATIONS = YES;
				CLANG_WARN_DIRECT_OBJC_ISA_USAGE = YES_ERROR;
				CLANG_WARN_DOCUMENTATION_COMMENTS = YES;
				CLANG_WARN_EMPTY_BODY = YES;
				CLANG_WARN_ENUM_CONVERSION = YES;
				CLANG_WARN_INFINITE_RECURSION = YES;
				CLANG_WARN_INT_CONVERSION = YES;
				CLANG_WARN_NON_LITERAL_NULL_CONVERSION = YES;
				CLANG_WARN_OBJC_IMPLICIT_RETAIN_SELF = YES;
				CLANG_WARN_OBJC_LITERAL_CONVERSION = YES;
				CLANG_WARN_OBJC_ROOT_CLASS = YES_ERROR;
				CLANG_WARN_QUOTED_INCLUDE_IN_FRAMEWORK_HEADER = YES;
				CLANG_WARN_RANGE_LOOP_ANALYSIS = YES;
				CLANG_WARN_STRICT_PROTOTYPES = YES;
				CLANG_WARN_SUSPICIOUS_MOVE = YES;
				CLANG_WARN_UNGUARDED_AVAILABILITY = YES_AGGRESSIVE;
				CLANG_WARN_UNREACHABLE_CODE = YES;
				CLANG_WARN__DUPLICATE_METHOD_MATCH = YES;
				COPY_PHASE_STRIP = NO;
				DEBUG_INFORMATION_FORMAT = dwarf;
				ENABLE_STRICT_OBJC_MSGSEND = YES;
				ENABLE_TESTABILITY = YES;
				ENABLE_USER_SCRIPT_SANDBOXING = YES;
				GCC_C_LANGUAGE_STANDARD = gnu17;
				GCC_DYNAMIC_NO_PIC = NO;
				GCC_NO_COMMON_BLOCKS = YES;
				GCC_OPTIMIZATION_LEVEL = 0;
				GCC_PREPROCESSOR_DEFINITIONS = (
					"DEBUG=1",
					"$(inherited)",
				);
				GCC_WARN_64_TO_32_BIT_CONVERSION = YES;
				GCC_WARN_ABOUT_RETURN_TYPE = YES_ERROR;
				GCC_WARN_UNDECLARED_SELECTOR = YES;
				GCC_WARN_UNINITIALIZED_AUTOS = YES_AGGRESSIVE;
				GCC_WARN_UNUSED_FUNCTION = YES;
				GCC_WARN_UNUSED_VARIABLE = YES;
				IPHONEOS_DEPLOYMENT_TARGET = 18.0;
				LOCALIZATION_PREFERS_STRING_CATALOGS = YES;
				MTL_ENABLE_DEBUG_INFO = INCLUDE_SOURCE;
				MTL_FAST_MATH = YES;
				ONLY_ACTIVE_ARCH = YES;
				SDKROOT = iphoneos;
				SWIFT_ACTIVE_COMPILATION_CONDITIONS = "DEBUG $(inherited)";
				SWIFT_OPTIMIZATION_LEVEL = "-Onone";
			};
			name = Debug;
		};
		8B0AA6322CF8E59000742571 /* Release */ = {
			isa = XCBuildConfiguration;
			buildSettings = {
				ALWAYS_SEARCH_USER_PATHS = NO;
				ASSETCATALOG_COMPILER_GENERATE_SWIFT_ASSET_SYMBOL_EXTENSIONS = YES;
				CLANG_ANALYZER_NONNULL = YES;
				CLANG_ANALYZER_NUMBER_OBJECT_CONVERSION = YES_AGGRESSIVE;
				CLANG_CXX_LANGUAGE_STANDARD = "gnu++20";
				CLANG_ENABLE_MODULES = YES;
				CLANG_ENABLE_OBJC_ARC = YES;
				CLANG_ENABLE_OBJC_WEAK = YES;
				CLANG_WARN_BLOCK_CAPTURE_AUTORELEASING = YES;
				CLANG_WARN_BOOL_CONVERSION = YES;
				CLANG_WARN_COMMA = YES;
				CLANG_WARN_CONSTANT_CONVERSION = YES;
				CLANG_WARN_DEPRECATED_OBJC_IMPLEMENTATIONS = YES;
				CLANG_WARN_DIRECT_OBJC_ISA_USAGE = YES_ERROR;
				CLANG_WARN_DOCUMENTATION_COMMENTS = YES;
				CLANG_WARN_EMPTY_BODY = YES;
				CLANG_WARN_ENUM_CONVERSION = YES;
				CLANG_WARN_INFINITE_RECURSION = YES;
				CLANG_WARN_INT_CONVERSION = YES;
				CLANG_WARN_NON_LITERAL_NULL_CONVERSION = YES;
				CLANG_WARN_OBJC_IMPLICIT_RETAIN_SELF = YES;
				CLANG_WARN_OBJC_LITERAL_CONVERSION = YES;
				CLANG_WARN_OBJC_ROOT_CLASS = YES_ERROR;
				CLANG_WARN_QUOTED_INCLUDE_IN_FRAMEWORK_HEADER = YES;
				CLANG_WARN_RANGE_LOOP_ANALYSIS = YES;
				CLANG_WARN_STRICT_PROTOTYPES = YES;
				CLANG_WARN_SUSPICIOUS_MOVE = YES;
				CLANG_WARN_UNGUARDED_AVAILABILITY = YES_AGGRESSIVE;
				CLANG_WARN_UNREACHABLE_CODE = YES;
				CLANG_WARN__DUPLICATE_METHOD_MATCH = YES;
				COPY_PHASE_STRIP = NO;
				DEBUG_INFORMATION_FORMAT = "dwarf-with-dsym";
				ENABLE_NS_ASSERTIONS = NO;
				ENABLE_STRICT_OBJC_MSGSEND = YES;
				ENABLE_USER_SCRIPT_SANDBOXING = YES;
				GCC_C_LANGUAGE_STANDARD = gnu17;
				GCC_NO_COMMON_BLOCKS = YES;
				GCC_WARN_64_TO_32_BIT_CONVERSION = YES;
				GCC_WARN_ABOUT_RETURN_TYPE = YES_ERROR;
				GCC_WARN_UNDECLARED_SELECTOR = YES;
				GCC_WARN_UNINITIALIZED_AUTOS = YES_AGGRESSIVE;
				GCC_WARN_UNUSED_FUNCTION = YES;
				GCC_WARN_UNUSED_VARIABLE = YES;
				IPHONEOS_DEPLOYMENT_TARGET = 18.0;
				LOCALIZATION_PREFERS_STRING_CATALOGS = YES;
				MTL_ENABLE_DEBUG_INFO = NO;
				MTL_FAST_MATH = YES;
				SDKROOT = iphoneos;
				SWIFT_COMPILATION_MODE = wholemodule;
				VALIDATE_PRODUCT = YES;
			};
			name = Release;
		};
/* End XCBuildConfiguration section */

/* Begin XCConfigurationList section */
		8B0AA6162CF8E58E00742571 /* Build configuration list for PBXProject "Pawsitive" */ = {
			isa = XCConfigurationList;
			buildConfigurations = (
				8B0AA6312CF8E59000742571 /* Debug */,
				8B0AA6322CF8E59000742571 /* Release */,
			);
			defaultConfigurationIsVisible = 0;
			defaultConfigurationName = Release;
		};
		8B0AA62E2CF8E59000742571 /* Build configuration list for PBXNativeTarget "Pawsitive" */ = {
			isa = XCConfigurationList;
			buildConfigurations = (
				8B0AA62F2CF8E59000742571 /* Debug */,
				8B0AA6302CF8E59000742571 /* Release */,
			);
			defaultConfigurationIsVisible = 0;
			defaultConfigurationName = Release;
		};
/* End XCConfigurationList section */
	};
	rootObject = 8B0AA6132CF8E58E00742571 /* Project object */;
}
