// !$*UTF8*$!
{
	archiveVersion = 1;
	classes = {
	};
	objectVersion = 77;
	objects = {

/* Begin PBXBuildFile section */
		8B5059642CF9528F009202E6 /* LoginViewController.swift in Sources */ = {isa = PBXBuildFile; fileRef = 8B5059632CF9528F009202E6 /* LoginViewController.swift */; };
		8B5059662CF96A65009202E6 /* SignupViewController.swift in Sources */ = {isa = PBXBuildFile; fileRef = 8B5059652CF96A65009202E6 /* SignupViewController.swift */; };
		8B5059682CF96E4C009202E6 /* SignupCompleteViewController.swift in Sources */ = {isa = PBXBuildFile; fileRef = 8B5059672CF96E4C009202E6 /* SignupCompleteViewController.swift */; };
		8BA434442CF94AA70048B4EA /* Assets.xcassets in Resources */ = {isa = PBXBuildFile; fileRef = 8BA4343B2CF94AA70048B4EA /* Assets.xcassets */; };
		8BA434462CF94AA70048B4EA /* LaunchScreen.storyboard in Resources */ = {isa = PBXBuildFile; fileRef = 8BA4343E2CF94AA70048B4EA /* LaunchScreen.storyboard */; };
		8BA434472CF94AA70048B4EA /* Main.storyboard in Resources */ = {isa = PBXBuildFile; fileRef = 8BA434402CF94AA70048B4EA /* Main.storyboard */; };
		8BA434482CF94AA70048B4EA /* AppDelegate.swift in Sources */ = {isa = PBXBuildFile; fileRef = 8BA4343A2CF94AA70048B4EA /* AppDelegate.swift */; };
		8BA434492CF94AA70048B4EA /* SceneDelegate.swift in Sources */ = {isa = PBXBuildFile; fileRef = 8BA434412CF94AA70048B4EA /* SceneDelegate.swift */; };
		8BA434552CF94AE90048B4EA /* Pretendard-ExtraLight.otf in Resources */ = {isa = PBXBuildFile; fileRef = 8BA4344F2CF94AE90048B4EA /* Pretendard-ExtraLight.otf */; };
		8BA434562CF94AE90048B4EA /* Pretendard-Regular.otf in Resources */ = {isa = PBXBuildFile; fileRef = 8BA434522CF94AE90048B4EA /* Pretendard-Regular.otf */; };
		8BA434572CF94AE90048B4EA /* Pretendard-Black.otf in Resources */ = {isa = PBXBuildFile; fileRef = 8BA4344C2CF94AE90048B4EA /* Pretendard-Black.otf */; };
		8BA434582CF94AE90048B4EA /* Pretendard-Medium.otf in Resources */ = {isa = PBXBuildFile; fileRef = 8BA434512CF94AE90048B4EA /* Pretendard-Medium.otf */; };
		8BA434592CF94AE90048B4EA /* Pretendard-Light.otf in Resources */ = {isa = PBXBuildFile; fileRef = 8BA434502CF94AE90048B4EA /* Pretendard-Light.otf */; };
		8BA4345A2CF94AE90048B4EA /* Pretendard-SemiBold.otf in Resources */ = {isa = PBXBuildFile; fileRef = 8BA434532CF94AE90048B4EA /* Pretendard-SemiBold.otf */; };
		8BA4345B2CF94AE90048B4EA /* Pretendard-ExtraBold.otf in Resources */ = {isa = PBXBuildFile; fileRef = 8BA4344E2CF94AE90048B4EA /* Pretendard-ExtraBold.otf */; };
		8BA4345C2CF94AE90048B4EA /* Pretendard-Bold.otf in Resources */ = {isa = PBXBuildFile; fileRef = 8BA4344D2CF94AE90048B4EA /* Pretendard-Bold.otf */; };
		8BA4345D2CF94AE90048B4EA /* Pretendard-Thin.otf in Resources */ = {isa = PBXBuildFile; fileRef = 8BA434542CF94AE90048B4EA /* Pretendard-Thin.otf */; };
/* End PBXBuildFile section */

/* Begin PBXFileReference section */
		8B5059632CF9528F009202E6 /* LoginViewController.swift */ = {isa = PBXFileReference; lastKnownFileType = sourcecode.swift; path = LoginViewController.swift; sourceTree = "<group>"; };
		8B5059652CF96A65009202E6 /* SignupViewController.swift */ = {isa = PBXFileReference; lastKnownFileType = sourcecode.swift; path = SignupViewController.swift; sourceTree = "<group>"; };
		8B5059672CF96E4C009202E6 /* SignupCompleteViewController.swift */ = {isa = PBXFileReference; lastKnownFileType = sourcecode.swift; path = SignupCompleteViewController.swift; sourceTree = "<group>"; };
		8BA434222CF949750048B4EA /* Pawsitive.app */ = {isa = PBXFileReference; explicitFileType = wrapper.application; includeInIndex = 0; path = Pawsitive.app; sourceTree = BUILT_PRODUCTS_DIR; };
		8BA4343A2CF94AA70048B4EA /* AppDelegate.swift */ = {isa = PBXFileReference; lastKnownFileType = sourcecode.swift; path = AppDelegate.swift; sourceTree = "<group>"; };
		8BA4343B2CF94AA70048B4EA /* Assets.xcassets */ = {isa = PBXFileReference; lastKnownFileType = folder.assetcatalog; path = Assets.xcassets; sourceTree = "<group>"; };
		8BA4343C2CF94AA70048B4EA /* Info.plist */ = {isa = PBXFileReference; lastKnownFileType = text.plist.xml; path = Info.plist; sourceTree = "<group>"; };
		8BA4343D2CF94AA70048B4EA /* Base */ = {isa = PBXFileReference; lastKnownFileType = file.storyboard; name = Base; path = Base.lproj/LaunchScreen.storyboard; sourceTree = "<group>"; };
		8BA4343F2CF94AA70048B4EA /* Base */ = {isa = PBXFileReference; lastKnownFileType = file.storyboard; name = Base; path = Base.lproj/Main.storyboard; sourceTree = "<group>"; };
		8BA434412CF94AA70048B4EA /* SceneDelegate.swift */ = {isa = PBXFileReference; lastKnownFileType = sourcecode.swift; path = SceneDelegate.swift; sourceTree = "<group>"; };
		8BA4344C2CF94AE90048B4EA /* Pretendard-Black.otf */ = {isa = PBXFileReference; lastKnownFileType = file; path = "Pretendard-Black.otf"; sourceTree = "<group>"; };
		8BA4344D2CF94AE90048B4EA /* Pretendard-Bold.otf */ = {isa = PBXFileReference; lastKnownFileType = file; path = "Pretendard-Bold.otf"; sourceTree = "<group>"; };
		8BA4344E2CF94AE90048B4EA /* Pretendard-ExtraBold.otf */ = {isa = PBXFileReference; lastKnownFileType = file; path = "Pretendard-ExtraBold.otf"; sourceTree = "<group>"; };
		8BA4344F2CF94AE90048B4EA /* Pretendard-ExtraLight.otf */ = {isa = PBXFileReference; lastKnownFileType = file; path = "Pretendard-ExtraLight.otf"; sourceTree = "<group>"; };
		8BA434502CF94AE90048B4EA /* Pretendard-Light.otf */ = {isa = PBXFileReference; lastKnownFileType = file; path = "Pretendard-Light.otf"; sourceTree = "<group>"; };
		8BA434512CF94AE90048B4EA /* Pretendard-Medium.otf */ = {isa = PBXFileReference; lastKnownFileType = file; path = "Pretendard-Medium.otf"; sourceTree = "<group>"; };
		8BA434522CF94AE90048B4EA /* Pretendard-Regular.otf */ = {isa = PBXFileReference; lastKnownFileType = file; path = "Pretendard-Regular.otf"; sourceTree = "<group>"; };
		8BA434532CF94AE90048B4EA /* Pretendard-SemiBold.otf */ = {isa = PBXFileReference; lastKnownFileType = file; path = "Pretendard-SemiBold.otf"; sourceTree = "<group>"; };
		8BA434542CF94AE90048B4EA /* Pretendard-Thin.otf */ = {isa = PBXFileReference; lastKnownFileType = file; path = "Pretendard-Thin.otf"; sourceTree = "<group>"; };
/* End PBXFileReference section */

/* Begin PBXFrameworksBuildPhase section */
		8BA4341F2CF949750048B4EA /* Frameworks */ = {
			isa = PBXFrameworksBuildPhase;
			buildActionMask = 2147483647;
			files = (
			);
			runOnlyForDeploymentPostprocessing = 0;
		};
/* End PBXFrameworksBuildPhase section */

/* Begin PBXGroup section */
		8B5059622CF95261009202E6 /* Login */ = {
			isa = PBXGroup;
			children = (
				8B5059632CF9528F009202E6 /* LoginViewController.swift */,
				8B5059652CF96A65009202E6 /* SignupViewController.swift */,
				8B5059672CF96E4C009202E6 /* SignupCompleteViewController.swift */,
			);
			path = Login;
			sourceTree = "<group>";
		};
		8BA434192CF949750048B4EA = {
			isa = PBXGroup;
			children = (
				8BA434432CF94AA70048B4EA /* Pawsitive */,
				8BA434232CF949750048B4EA /* Products */,
			);
			sourceTree = "<group>";
		};
		8BA434232CF949750048B4EA /* Products */ = {
			isa = PBXGroup;
			children = (
				8BA434222CF949750048B4EA /* Pawsitive.app */,
			);
			name = Products;
			sourceTree = "<group>";
		};
		8BA434432CF94AA70048B4EA /* Pawsitive */ = {
			isa = PBXGroup;
			children = (
				8B5059622CF95261009202E6 /* Login */,
				8BA4344B2CF94AC50048B4EA /* Font */,
				8BA4343A2CF94AA70048B4EA /* AppDelegate.swift */,
				8BA4343B2CF94AA70048B4EA /* Assets.xcassets */,
				8BA4343C2CF94AA70048B4EA /* Info.plist */,
				8BA4343E2CF94AA70048B4EA /* LaunchScreen.storyboard */,
				8BA434402CF94AA70048B4EA /* Main.storyboard */,
				8BA434412CF94AA70048B4EA /* SceneDelegate.swift */,
			);
			path = Pawsitive;
			sourceTree = "<group>";
		};
		8BA4344B2CF94AC50048B4EA /* Font */ = {
			isa = PBXGroup;
			children = (
				8BA4344C2CF94AE90048B4EA /* Pretendard-Black.otf */,
				8BA4344D2CF94AE90048B4EA /* Pretendard-Bold.otf */,
				8BA4344E2CF94AE90048B4EA /* Pretendard-ExtraBold.otf */,
				8BA4344F2CF94AE90048B4EA /* Pretendard-ExtraLight.otf */,
				8BA434502CF94AE90048B4EA /* Pretendard-Light.otf */,
				8BA434512CF94AE90048B4EA /* Pretendard-Medium.otf */,
				8BA434522CF94AE90048B4EA /* Pretendard-Regular.otf */,
				8BA434532CF94AE90048B4EA /* Pretendard-SemiBold.otf */,
				8BA434542CF94AE90048B4EA /* Pretendard-Thin.otf */,
			);
			path = Font;
			sourceTree = "<group>";
		};
/* End PBXGroup section */

/* Begin PBXNativeTarget section */
		8BA434212CF949750048B4EA /* Pawsitive */ = {
			isa = PBXNativeTarget;
			buildConfigurationList = 8BA434352CF949760048B4EA /* Build configuration list for PBXNativeTarget "Pawsitive" */;
			buildPhases = (
				8BA4341E2CF949750048B4EA /* Sources */,
				8BA4341F2CF949750048B4EA /* Frameworks */,
				8BA434202CF949750048B4EA /* Resources */,
			);
			buildRules = (
			);
			dependencies = (
			);
			name = Pawsitive;
			packageProductDependencies = (
			);
			productName = Pawsitive;
			productReference = 8BA434222CF949750048B4EA /* Pawsitive.app */;
			productType = "com.apple.product-type.application";
		};
/* End PBXNativeTarget section */

/* Begin PBXProject section */
		8BA4341A2CF949750048B4EA /* Project object */ = {
			isa = PBXProject;
			attributes = {
				BuildIndependentTargetsInParallel = 1;
				LastSwiftUpdateCheck = 1600;
				LastUpgradeCheck = 1600;
				TargetAttributes = {
					8BA434212CF949750048B4EA = {
						CreatedOnToolsVersion = 16.0;
					};
				};
			};
			buildConfigurationList = 8BA4341D2CF949750048B4EA /* Build configuration list for PBXProject "Pawsitive" */;
			developmentRegion = en;
			hasScannedForEncodings = 0;
			knownRegions = (
				en,
				Base,
			);
			mainGroup = 8BA434192CF949750048B4EA;
			minimizedProjectReferenceProxies = 1;
			preferredProjectObjectVersion = 77;
			productRefGroup = 8BA434232CF949750048B4EA /* Products */;
			projectDirPath = "";
			projectRoot = "";
			targets = (
				8BA434212CF949750048B4EA /* Pawsitive */,
			);
		};
/* End PBXProject section */

/* Begin PBXResourcesBuildPhase section */
		8BA434202CF949750048B4EA /* Resources */ = {
			isa = PBXResourcesBuildPhase;
			buildActionMask = 2147483647;
			files = (
				8BA434442CF94AA70048B4EA /* Assets.xcassets in Resources */,
				8BA434462CF94AA70048B4EA /* LaunchScreen.storyboard in Resources */,
				8BA434552CF94AE90048B4EA /* Pretendard-ExtraLight.otf in Resources */,
				8BA434562CF94AE90048B4EA /* Pretendard-Regular.otf in Resources */,
				8BA434572CF94AE90048B4EA /* Pretendard-Black.otf in Resources */,
				8BA434582CF94AE90048B4EA /* Pretendard-Medium.otf in Resources */,
				8BA434592CF94AE90048B4EA /* Pretendard-Light.otf in Resources */,
				8BA4345A2CF94AE90048B4EA /* Pretendard-SemiBold.otf in Resources */,
				8BA4345B2CF94AE90048B4EA /* Pretendard-ExtraBold.otf in Resources */,
				8BA4345C2CF94AE90048B4EA /* Pretendard-Bold.otf in Resources */,
				8BA4345D2CF94AE90048B4EA /* Pretendard-Thin.otf in Resources */,
				8BA434472CF94AA70048B4EA /* Main.storyboard in Resources */,
			);
			runOnlyForDeploymentPostprocessing = 0;
		};
/* End PBXResourcesBuildPhase section */

/* Begin PBXSourcesBuildPhase section */
		8BA4341E2CF949750048B4EA /* Sources */ = {
			isa = PBXSourcesBuildPhase;
			buildActionMask = 2147483647;
			files = (
				8B5059642CF9528F009202E6 /* LoginViewController.swift in Sources */,
				8BA434482CF94AA70048B4EA /* AppDelegate.swift in Sources */,
				8B5059662CF96A65009202E6 /* SignupViewController.swift in Sources */,
				8B5059682CF96E4C009202E6 /* SignupCompleteViewController.swift in Sources */,
				8BA434492CF94AA70048B4EA /* SceneDelegate.swift in Sources */,
			);
			runOnlyForDeploymentPostprocessing = 0;
		};
/* End PBXSourcesBuildPhase section */

/* Begin PBXVariantGroup section */
		8BA4343E2CF94AA70048B4EA /* LaunchScreen.storyboard */ = {
			isa = PBXVariantGroup;
			children = (
				8BA4343D2CF94AA70048B4EA /* Base */,
			);
			name = LaunchScreen.storyboard;
			sourceTree = "<group>";
		};
		8BA434402CF94AA70048B4EA /* Main.storyboard */ = {
			isa = PBXVariantGroup;
			children = (
				8BA4343F2CF94AA70048B4EA /* Base */,
			);
			name = Main.storyboard;
			sourceTree = "<group>";
		};
/* End PBXVariantGroup section */

/* Begin XCBuildConfiguration section */
		8BA434362CF949760048B4EA /* Debug */ = {
			isa = XCBuildConfiguration;
			buildSettings = {
				ASSETCATALOG_COMPILER_APPICON_NAME = AppIcon;
				ASSETCATALOG_COMPILER_GLOBAL_ACCENT_COLOR_NAME = AccentColor;
				CODE_SIGN_STYLE = Automatic;
				CURRENT_PROJECT_VERSION = 1;
				DEVELOPMENT_TEAM = B7X35RUY6S;
				GENERATE_INFOPLIST_FILE = YES;
				INFOPLIST_FILE = Pawsitive/Info.plist;
				INFOPLIST_KEY_UIApplicationSupportsIndirectInputEvents = YES;
				INFOPLIST_KEY_UILaunchStoryboardName = LaunchScreen;
				INFOPLIST_KEY_UIMainStoryboardFile = Main;
				INFOPLIST_KEY_UISupportedInterfaceOrientations_iPad = "UIInterfaceOrientationPortrait UIInterfaceOrientationPortraitUpsideDown UIInterfaceOrientationLandscapeLeft UIInterfaceOrientationLandscapeRight";
				INFOPLIST_KEY_UISupportedInterfaceOrientations_iPhone = "UIInterfaceOrientationPortrait UIInterfaceOrientationLandscapeLeft UIInterfaceOrientationLandscapeRight";
				LD_RUNPATH_SEARCH_PATHS = (
					"$(inherited)",
					"@executable_path/Frameworks",
				);
				MARKETING_VERSION = 1.0;
				PRODUCT_BUNDLE_IDENTIFIER = kr.xoul.Pawsitive;
				PRODUCT_NAME = "$(TARGET_NAME)";
				SWIFT_EMIT_LOC_STRINGS = YES;
				SWIFT_VERSION = 5.0;
				TARGETED_DEVICE_FAMILY = "1,2";
			};
			name = Debug;
		};
		8BA434372CF949760048B4EA /* Release */ = {
			isa = XCBuildConfiguration;
			buildSettings = {
				ASSETCATALOG_COMPILER_APPICON_NAME = AppIcon;
				ASSETCATALOG_COMPILER_GLOBAL_ACCENT_COLOR_NAME = AccentColor;
				CODE_SIGN_STYLE = Automatic;
				CURRENT_PROJECT_VERSION = 1;
				DEVELOPMENT_TEAM = B7X35RUY6S;
				GENERATE_INFOPLIST_FILE = YES;
				INFOPLIST_FILE = Pawsitive/Info.plist;
				INFOPLIST_KEY_UIApplicationSupportsIndirectInputEvents = YES;
				INFOPLIST_KEY_UILaunchStoryboardName = LaunchScreen;
				INFOPLIST_KEY_UIMainStoryboardFile = Main;
				INFOPLIST_KEY_UISupportedInterfaceOrientations_iPad = "UIInterfaceOrientationPortrait UIInterfaceOrientationPortraitUpsideDown UIInterfaceOrientationLandscapeLeft UIInterfaceOrientationLandscapeRight";
				INFOPLIST_KEY_UISupportedInterfaceOrientations_iPhone = "UIInterfaceOrientationPortrait UIInterfaceOrientationLandscapeLeft UIInterfaceOrientationLandscapeRight";
				LD_RUNPATH_SEARCH_PATHS = (
					"$(inherited)",
					"@executable_path/Frameworks",
				);
				MARKETING_VERSION = 1.0;
				PRODUCT_BUNDLE_IDENTIFIER = kr.xoul.Pawsitive;
				PRODUCT_NAME = "$(TARGET_NAME)";
				SWIFT_EMIT_LOC_STRINGS = YES;
				SWIFT_VERSION = 5.0;
				TARGETED_DEVICE_FAMILY = "1,2";
			};
			name = Release;
		};
		8BA434382CF949760048B4EA /* Debug */ = {
			isa = XCBuildConfiguration;
			buildSettings = {
				ALWAYS_SEARCH_USER_PATHS = NO;
				ASSETCATALOG_COMPILER_GENERATE_SWIFT_ASSET_SYMBOL_EXTENSIONS = YES;
				CLANG_ANALYZER_NONNULL = YES;
				CLANG_ANALYZER_NUMBER_OBJECT_CONVERSION = YES_AGGRESSIVE;
				CLANG_CXX_LANGUAGE_STANDARD = "gnu++20";
				CLANG_ENABLE_MODULES = YES;
				CLANG_ENABLE_OBJC_ARC = YES;
				CLANG_ENABLE_OBJC_WEAK = YES;
				CLANG_WARN_BLOCK_CAPTURE_AUTORELEASING = YES;
				CLANG_WARN_BOOL_CONVERSION = YES;
				CLANG_WARN_COMMA = YES;
				CLANG_WARN_CONSTANT_CONVERSION = YES;
				CLANG_WARN_DEPRECATED_OBJC_IMPLEMENTATIONS = YES;
				CLANG_WARN_DIRECT_OBJC_ISA_USAGE = YES_ERROR;
				CLANG_WARN_DOCUMENTATION_COMMENTS = YES;
				CLANG_WARN_EMPTY_BODY = YES;
				CLANG_WARN_ENUM_CONVERSION = YES;
				CLANG_WARN_INFINITE_RECURSION = YES;
				CLANG_WARN_INT_CONVERSION = YES;
				CLANG_WARN_NON_LITERAL_NULL_CONVERSION = YES;
				CLANG_WARN_OBJC_IMPLICIT_RETAIN_SELF = YES;
				CLANG_WARN_OBJC_LITERAL_CONVERSION = YES;
				CLANG_WARN_OBJC_ROOT_CLASS = YES_ERROR;
				CLANG_WARN_QUOTED_INCLUDE_IN_FRAMEWORK_HEADER = YES;
				CLANG_WARN_RANGE_LOOP_ANALYSIS = YES;
				CLANG_WARN_STRICT_PROTOTYPES = YES;
				CLANG_WARN_SUSPICIOUS_MOVE = YES;
				CLANG_WARN_UNGUARDED_AVAILABILITY = YES_AGGRESSIVE;
				CLANG_WARN_UNREACHABLE_CODE = YES;
				CLANG_WARN__DUPLICATE_METHOD_MATCH = YES;
				COPY_PHASE_STRIP = NO;
				DEBUG_INFORMATION_FORMAT = dwarf;
				ENABLE_STRICT_OBJC_MSGSEND = YES;
				ENABLE_TESTABILITY = YES;
				ENABLE_USER_SCRIPT_SANDBOXING = YES;
				GCC_C_LANGUAGE_STANDARD = gnu17;
				GCC_DYNAMIC_NO_PIC = NO;
				GCC_NO_COMMON_BLOCKS = YES;
				GCC_OPTIMIZATION_LEVEL = 0;
				GCC_PREPROCESSOR_DEFINITIONS = (
					"DEBUG=1",
					"$(inherited)",
				);
				GCC_WARN_64_TO_32_BIT_CONVERSION = YES;
				GCC_WARN_ABOUT_RETURN_TYPE = YES_ERROR;
				GCC_WARN_UNDECLARED_SELECTOR = YES;
				GCC_WARN_UNINITIALIZED_AUTOS = YES_AGGRESSIVE;
				GCC_WARN_UNUSED_FUNCTION = YES;
				GCC_WARN_UNUSED_VARIABLE = YES;
				IPHONEOS_DEPLOYMENT_TARGET = 18.0;
				LOCALIZATION_PREFERS_STRING_CATALOGS = YES;
				MTL_ENABLE_DEBUG_INFO = INCLUDE_SOURCE;
				MTL_FAST_MATH = YES;
				ONLY_ACTIVE_ARCH = YES;
				SDKROOT = iphoneos;
				SWIFT_ACTIVE_COMPILATION_CONDITIONS = "DEBUG $(inherited)";
				SWIFT_OPTIMIZATION_LEVEL = "-Onone";
			};
			name = Debug;
		};
		8BA434392CF949760048B4EA /* Release */ = {
			isa = XCBuildConfiguration;
			buildSettings = {
				ALWAYS_SEARCH_USER_PATHS = NO;
				ASSETCATALOG_COMPILER_GENERATE_SWIFT_ASSET_SYMBOL_EXTENSIONS = YES;
				CLANG_ANALYZER_NONNULL = YES;
				CLANG_ANALYZER_NUMBER_OBJECT_CONVERSION = YES_AGGRESSIVE;
				CLANG_CXX_LANGUAGE_STANDARD = "gnu++20";
				CLANG_ENABLE_MODULES = YES;
				CLANG_ENABLE_OBJC_ARC = YES;
				CLANG_ENABLE_OBJC_WEAK = YES;
				CLANG_WARN_BLOCK_CAPTURE_AUTORELEASING = YES;
				CLANG_WARN_BOOL_CONVERSION = YES;
				CLANG_WARN_COMMA = YES;
				CLANG_WARN_CONSTANT_CONVERSION = YES;
				CLANG_WARN_DEPRECATED_OBJC_IMPLEMENTATIONS = YES;
				CLANG_WARN_DIRECT_OBJC_ISA_USAGE = YES_ERROR;
				CLANG_WARN_DOCUMENTATION_COMMENTS = YES;
				CLANG_WARN_EMPTY_BODY = YES;
				CLANG_WARN_ENUM_CONVERSION = YES;
				CLANG_WARN_INFINITE_RECURSION = YES;
				CLANG_WARN_INT_CONVERSION = YES;
				CLANG_WARN_NON_LITERAL_NULL_CONVERSION = YES;
				CLANG_WARN_OBJC_IMPLICIT_RETAIN_SELF = YES;
				CLANG_WARN_OBJC_LITERAL_CONVERSION = YES;
				CLANG_WARN_OBJC_ROOT_CLASS = YES_ERROR;
				CLANG_WARN_QUOTED_INCLUDE_IN_FRAMEWORK_HEADER = YES;
				CLANG_WARN_RANGE_LOOP_ANALYSIS = YES;
				CLANG_WARN_STRICT_PROTOTYPES = YES;
				CLANG_WARN_SUSPICIOUS_MOVE = YES;
				CLANG_WARN_UNGUARDED_AVAILABILITY = YES_AGGRESSIVE;
				CLANG_WARN_UNREACHABLE_CODE = YES;
				CLANG_WARN__DUPLICATE_METHOD_MATCH = YES;
				COPY_PHASE_STRIP = NO;
				DEBUG_INFORMATION_FORMAT = "dwarf-with-dsym";
				ENABLE_NS_ASSERTIONS = NO;
				ENABLE_STRICT_OBJC_MSGSEND = YES;
				ENABLE_USER_SCRIPT_SANDBOXING = YES;
				GCC_C_LANGUAGE_STANDARD = gnu17;
				GCC_NO_COMMON_BLOCKS = YES;
				GCC_WARN_64_TO_32_BIT_CONVERSION = YES;
				GCC_WARN_ABOUT_RETURN_TYPE = YES_ERROR;
				GCC_WARN_UNDECLARED_SELECTOR = YES;
				GCC_WARN_UNINITIALIZED_AUTOS = YES_AGGRESSIVE;
				GCC_WARN_UNUSED_FUNCTION = YES;
				GCC_WARN_UNUSED_VARIABLE = YES;
				IPHONEOS_DEPLOYMENT_TARGET = 18.0;
				LOCALIZATION_PREFERS_STRING_CATALOGS = YES;
				MTL_ENABLE_DEBUG_INFO = NO;
				MTL_FAST_MATH = YES;
				SDKROOT = iphoneos;
				SWIFT_COMPILATION_MODE = wholemodule;
				VALIDATE_PRODUCT = YES;
			};
			name = Release;
		};
/* End XCBuildConfiguration section */

/* Begin XCConfigurationList section */
		8BA4341D2CF949750048B4EA /* Build configuration list for PBXProject "Pawsitive" */ = {
			isa = XCConfigurationList;
			buildConfigurations = (
				8BA434382CF949760048B4EA /* Debug */,
				8BA434392CF949760048B4EA /* Release */,
			);
			defaultConfigurationIsVisible = 0;
			defaultConfigurationName = Release;
		};
		8BA434352CF949760048B4EA /* Build configuration list for PBXNativeTarget "Pawsitive" */ = {
			isa = XCConfigurationList;
			buildConfigurations = (
				8BA434362CF949760048B4EA /* Debug */,
				8BA434372CF949760048B4EA /* Release */,
			);
			defaultConfigurationIsVisible = 0;
			defaultConfigurationName = Release;
		};
/* End XCConfigurationList section */
	};
	rootObject = 8BA4341A2CF949750048B4EA /* Project object */;
}
